{
  "nodes": {
    "deckenlichtschalter": {
      "inputs": {
        "nixpkgs": [
          "nixpkgs"
        ]
      },
      "locked": {
        "lastModified": 1706397983,
        "narHash": "sha256-x7zV/ocMCR0FM3fCOrTadcTYhx47wTB5LUE9Sb40JdE=",
        "owner": "realraum",
        "repo": "deckenlichtschalter",
        "rev": "0b09c852727bd81c63e0f7350c6f3979c72843ea",
        "type": "github"
      },
      "original": {
        "owner": "realraum",
        "repo": "deckenlichtschalter",
        "type": "github"
      }
    },
    "grical-to-mob": {
      "inputs": {
        "nix-node-package": "nix-node-package",
        "nixpkgs": [
          "nixpkgs"
        ]
      },
      "locked": {
        "lastModified": 1706544977,
        "narHash": "sha256-ppCIU4cMrl6YBPd4b5RYHJV2xpqUvB/M7N/d6I/g1uc=",
        "owner": "realraum",
        "repo": "grical-to-mobilizon",
        "rev": "f96c9941d5bd59bedf24cb5bf364b45e34714d78",
        "type": "github"
      },
      "original": {
        "owner": "realraum",
        "repo": "grical-to-mobilizon",
        "type": "github"
      }
    },
    "hardware": {
      "locked": {
        "lastModified": 1711352745,
        "narHash": "sha256-luvqik+i3HTvCbXQZgB6uggvEcxI9uae0nmrgtXJ17U=",
        "owner": "nixos",
        "repo": "nixos-hardware",
        "rev": "9a763a7acc4cfbb8603bb0231fec3eda864f81c0",
        "type": "github"
      },
      "original": {
        "owner": "nixos",
        "repo": "nixos-hardware",
        "type": "github"
      }
    },
    "mkg-mod": {
      "inputs": {
        "nixpkgs": [
          "nixpkgs"
        ]
      },
      "locked": {
        "lastModified": 1711560527,
        "narHash": "sha256-Qt+4ZiN10mja1YGemVsVd6VbrwmnJIs8lcNSX6M7EOk=",
        "owner": "mkg20001",
        "repo": "mkg-mod",
        "rev": "b922ffba381de26df36107f1ef8333b215cf5e09",
        "type": "github"
      },
      "original": {
        "owner": "mkg20001",
        "ref": "master",
        "repo": "mkg-mod",
        "type": "github"
      }
    },
    "nix-node-package": {
      "locked": {
        "lastModified": 1706303050,
        "narHash": "sha256-LCELgjzunxEsZQNRYJmVJ6FRVVurEsffed9aB8kPheE=",
        "owner": "mkg20001",
        "repo": "nix-node-package",
        "rev": "90f6ad8de81e3b75c2b0e6e3f9711bb094a5072b",
        "type": "github"
      },
      "original": {
        "owner": "mkg20001",
        "ref": "master",
        "repo": "nix-node-package",
        "type": "github"
      }
    },
    "nixpkgs": {
      "locked": {
        "lastModified": 1711715736,
        "narHash": "sha256-9slQ609YqT9bT/MNX9+5k5jltL9zgpn36DpFB7TkttM=",
        "owner": "nixos",
        "repo": "nixpkgs",
        "rev": "807c549feabce7eddbf259dbdcec9e0600a0660d",
        "type": "github"
      },
      "original": {
        "owner": "nixos",
        "ref": "nixpkgs-unstable",
        "repo": "nixpkgs",
        "type": "github"
      }
    },
    "root": {
      "inputs": {
        "deckenlichtschalter": "deckenlichtschalter",
        "grical-to-mob": "grical-to-mob",
        "hardware": "hardware",
        "mkg-mod": "mkg-mod",
        "nixpkgs": "nixpkgs"
      }
    }
  },
  "root": "root",
  "version": 7
}
