{
  "nodes": {
    "deckenlichtschalter": {
      "inputs": {
        "nixpkgs": [
          "nixpkgs"
        ]
      },
      "locked": {
        "lastModified": 1713567814,
        "narHash": "sha256-Ojmvp4RLP45Uv5bLx4hm/HtlzzLxlZ7DWD9MlAaBjhA=",
        "owner": "realraum",
        "repo": "deckenlichtschalter",
        "rev": "0b6f18c61b8714c10a5821e4f4c536c50a58fbea",
        "type": "github"
      },
      "original": {
        "owner": "realraum",
        "repo": "deckenlichtschalter",
        "type": "github"
      }
    },
    "disko": {
      "inputs": {
        "nixpkgs": [
          "nixpkgs"
        ]
      },
      "locked": {
        "lastModified": 1758287904,
        "narHash": "sha256-IGmaEf3Do8o5Cwp1kXBN1wQmZwQN3NLfq5t4nHtVtcU=",
        "owner": "nix-community",
        "repo": "disko",
        "rev": "67ff9807dd148e704baadbd4fd783b54282ca627",
        "type": "github"
      },
      "original": {
        "owner": "nix-community",
        "repo": "disko",
        "type": "github"
      }
    },
    "disko_2": {
      "inputs": {
        "nixpkgs": [
          "mgit-common",
          "nixpkgs"
        ]
      },
      "locked": {
        "lastModified": 1758287904,
        "narHash": "sha256-IGmaEf3Do8o5Cwp1kXBN1wQmZwQN3NLfq5t4nHtVtcU=",
        "owner": "nix-community",
        "repo": "disko",
        "rev": "67ff9807dd148e704baadbd4fd783b54282ca627",
        "type": "github"
      },
      "original": {
        "owner": "nix-community",
        "repo": "disko",
        "type": "github"
      }
    },
    "grical-to-mob": {
      "inputs": {
        "nix-node-package": "nix-node-package",
        "nixpkgs": [
          "nixpkgs"
        ]
      },
      "locked": {
        "lastModified": 1706544977,
        "narHash": "sha256-ppCIU4cMrl6YBPd4b5RYHJV2xpqUvB/M7N/d6I/g1uc=",
        "owner": "realraum",
        "repo": "grical-to-mobilizon",
        "rev": "f96c9941d5bd59bedf24cb5bf364b45e34714d78",
        "type": "github"
      },
      "original": {
        "owner": "realraum",
        "repo": "grical-to-mobilizon",
        "type": "github"
      }
    },
    "hardware": {
      "locked": {
        "lastModified": 1758663926,
        "narHash": "sha256-6CFdj7Xs616t1W4jLDH7IohAAvl5Dyib3qEv/Uqw1rk=",
        "owner": "nixos",
        "repo": "nixos-hardware",
        "rev": "170ff93c860b2a9868ed1e1102d4e52cb3d934e1",
        "type": "github"
      },
      "original": {
        "owner": "nixos",
        "repo": "nixos-hardware",
        "type": "github"
      }
    },
    "mgit-common": {
      "inputs": {
        "disko": "disko_2",
        "mgit-exporter": "mgit-exporter",
        "nix-index-database": "nix-index-database",
        "nix-unify": "nix-unify",
        "nixpkgs": [
          "nixpkgs"
        ],
        "patches4nixpkgs": "patches4nixpkgs"
      },
      "locked": {
        "lastModified": 1759229601,
        "narHash": "sha256-BzYaRgxs/wXXFNaWGWcu7guo/+viVvVrJrlIoc1qwx8=",
        "owner": "mgit-at",
        "repo": "nixos-common",
        "rev": "3959a3c2ea68f94343b92077ffa5a2999121b419",
        "type": "github"
      },
      "original": {
        "owner": "mgit-at",
        "ref": "master",
        "repo": "nixos-common",
        "type": "github"
      }
    },
    "mgit-exporter": {
      "inputs": {
        "nixpkgs": [
          "mgit-common",
          "nixpkgs"
        ],
        "patches4nixpkgs": [
          "mgit-common",
          "patches4nixpkgs"
        ]
      },
      "locked": {
        "lastModified": 1753050291,
        "narHash": "sha256-bA5prVLvkp0NtMkGYwk0oO7GWBNKoIt3Ht5oq6CFExI=",
        "owner": "mgit-at",
        "repo": "prometheus-mgit-exporter",
        "rev": "aead48040290055e36c8574db4a5ce6d33335afd",
        "type": "github"
      },
      "original": {
        "owner": "mgit-at",
        "ref": "topic/nixos",
        "repo": "prometheus-mgit-exporter",
        "type": "github"
      }
    },
    "mkg-mod": {
      "inputs": {
        "nixpkgs": [
          "nixpkgs"
        ]
      },
      "locked": {
        "lastModified": 1739548389,
        "narHash": "sha256-9V9QvyotnmsDK3xW2BoYBLNz4+0YvFQPj84ZdOeX99Q=",
        "owner": "mkg20001",
        "repo": "mkg-mod",
        "rev": "df528e1af820c458e2c93c500593c065b901dac2",
        "type": "github"
      },
      "original": {
        "owner": "mkg20001",
        "ref": "master",
        "repo": "mkg-mod",
        "type": "github"
      }
    },
    "nix-index-database": {
      "inputs": {
        "nixpkgs": [
          "mgit-common",
          "nixpkgs"
        ]
      },
      "locked": {
        "lastModified": 1759032422,
        "narHash": "sha256-WZf+FhebP2/1pK2np5xj/NuDjD6fXK2BHnq/tPUN18o=",
        "owner": "nix-community",
        "repo": "nix-index-database",
        "rev": "ec7a78cb0e098832d8acac091a4df393259c4839",
        "type": "github"
      },
      "original": {
        "owner": "nix-community",
        "repo": "nix-index-database",
        "type": "github"
      }
    },
    "nix-node-package": {
      "locked": {
        "lastModified": 1706303050,
        "narHash": "sha256-LCELgjzunxEsZQNRYJmVJ6FRVVurEsffed9aB8kPheE=",
        "owner": "mkg20001",
        "repo": "nix-node-package",
        "rev": "90f6ad8de81e3b75c2b0e6e3f9711bb094a5072b",
        "type": "github"
      },
      "original": {
        "owner": "mkg20001",
        "ref": "master",
        "repo": "nix-node-package",
        "type": "github"
      }
    },
    "nix-unify": {
      "inputs": {
        "nixpkgs": [
          "mgit-common",
          "nixpkgs"
        ]
      },
      "locked": {
        "lastModified": 1727526428,
        "narHash": "sha256-Amte8t+ImQ8u5le0wu7LdfYnh0b+HWQ1SpraoBS5zpg=",
        "owner": "mgit-at",
        "repo": "nix-unify",
        "rev": "b60be5ac4b368da503dde176623e5f460a3257d1",
        "type": "github"
      },
      "original": {
        "owner": "mgit-at",
        "ref": "master",
        "repo": "nix-unify",
        "type": "github"
      }
    },
    "nixpkgs": {
      "locked": {
        "lastModified": 1759036355,
        "narHash": "sha256-0m27AKv6ka+q270dw48KflE0LwQYrO7Fm4/2//KCVWg=",
        "owner": "nixos",
        "repo": "nixpkgs",
        "rev": "e9f00bd893984bc8ce46c895c3bf7cac95331127",
        "type": "github"
      },
      "original": {
        "owner": "nixos",
        "ref": "nixos-unstable",
        "repo": "nixpkgs",
        "type": "github"
      }
    },
    "patches4nixpkgs": {
      "locked": {
        "lastModified": 1713984892,
        "narHash": "sha256-rPu+gkj3qvjor3vvAFurlonyo03bop8s84fvvtNq5mc=",
        "owner": "mgit-at",
        "repo": "patches4nixpkgs",
        "rev": "24952ef04759d20868efe437bb4a88e8dc0265e3",
        "type": "github"
      },
      "original": {
        "owner": "mgit-at",
        "ref": "master",
        "repo": "patches4nixpkgs",
        "type": "github"
      }
    },
    "root": {
      "inputs": {
        "deckenlichtschalter": "deckenlichtschalter",
        "disko": "disko",
        "grical-to-mob": "grical-to-mob",
        "hardware": "hardware",
        "mgit-common": "mgit-common",
        "mkg-mod": "mkg-mod",
        "nixpkgs": "nixpkgs"
      }
    }
  },
  "root": "root",
  "version": 7
}
