{
  "nodes": {
    "deckenlichtschalter": {
      "inputs": {
        "nixpkgs": [
          "nixpkgs"
        ]
      },
      "locked": {
        "lastModified": 1706397983,
        "narHash": "sha256-x7zV/ocMCR0FM3fCOrTadcTYhx47wTB5LUE9Sb40JdE=",
        "owner": "realraum",
        "repo": "deckenlichtschalter",
        "rev": "0b09c852727bd81c63e0f7350c6f3979c72843ea",
        "type": "github"
      },
      "original": {
        "owner": "realraum",
        "repo": "deckenlichtschalter",
        "type": "github"
      }
    },
    "grical-to-mob": {
      "inputs": {
        "nix-node-package": "nix-node-package",
        "nixpkgs": [
          "nixpkgs"
        ]
      },
      "locked": {
        "lastModified": 1706544977,
        "narHash": "sha256-ppCIU4cMrl6YBPd4b5RYHJV2xpqUvB/M7N/d6I/g1uc=",
        "owner": "realraum",
        "repo": "grical-to-mobilizon",
        "rev": "f96c9941d5bd59bedf24cb5bf364b45e34714d78",
        "type": "github"
      },
      "original": {
        "owner": "realraum",
        "repo": "grical-to-mobilizon",
        "type": "github"
      }
    },
    "hardware": {
      "locked": {
        "lastModified": 1712566108,
        "narHash": "sha256-c9nT2ZODGqobISP41kUwCQ84Srwg7a/1TmPFQuol2/8=",
        "owner": "nixos",
        "repo": "nixos-hardware",
        "rev": "1e3b3a35b7083f4152f5a516798cf9b21e686465",
        "type": "github"
      },
      "original": {
        "owner": "nixos",
        "repo": "nixos-hardware",
        "type": "github"
      }
    },
    "mkg-mod": {
      "inputs": {
        "nixpkgs": [
          "nixpkgs"
        ]
      },
      "locked": {
        "lastModified": 1711560527,
        "narHash": "sha256-Qt+4ZiN10mja1YGemVsVd6VbrwmnJIs8lcNSX6M7EOk=",
        "owner": "mkg20001",
        "repo": "mkg-mod",
        "rev": "b922ffba381de26df36107f1ef8333b215cf5e09",
        "type": "github"
      },
      "original": {
        "owner": "mkg20001",
        "ref": "master",
        "repo": "mkg-mod",
        "type": "github"
      }
    },
    "nix-node-package": {
      "locked": {
        "lastModified": 1706303050,
        "narHash": "sha256-LCELgjzunxEsZQNRYJmVJ6FRVVurEsffed9aB8kPheE=",
        "owner": "mkg20001",
        "repo": "nix-node-package",
        "rev": "90f6ad8de81e3b75c2b0e6e3f9711bb094a5072b",
        "type": "github"
      },
      "original": {
        "owner": "mkg20001",
        "ref": "master",
        "repo": "nix-node-package",
        "type": "github"
      }
    },
    "nixpkgs": {
      "locked": {
        "lastModified": 1712573573,
        "narHash": "sha256-xxon7WwNm4/EadMKg1eF40/5s0O78nXUy2ILZt6vT7E=",
        "owner": "nixos",
        "repo": "nixpkgs",
        "rev": "0d28066770464d19d637f6e8e42e8688420b6ac6",
        "type": "github"
      },
      "original": {
        "owner": "nixos",
        "ref": "nixpkgs-unstable",
        "repo": "nixpkgs",
        "type": "github"
      }
    },
    "root": {
      "inputs": {
        "deckenlichtschalter": "deckenlichtschalter",
        "grical-to-mob": "grical-to-mob",
        "hardware": "hardware",
        "mkg-mod": "mkg-mod",
        "nixpkgs": "nixpkgs"
      }
    }
  },
  "root": "root",
  "version": 7
}
